
Microsoft Visual Studio Solution File, Format Version 12.00
# Visual Studio Version 16
VisualStudioVersion = 16.0.29609.76
MinimumVisualStudioVersion = 10.0.40219.1
Project("{FAE04EC0-301F-11D3-BF4B-00C04F79EFBC}") = "StevenHillman_CPRG_200_Lab1", "StevenHillman_CPRG_200_Lab1\StevenHillman_CPRG_200_Lab1.csproj", "{31FB2C8C-BEBD-4ED8-A7BF-BC8D423FC5C5}"
EndProject
Project("{FAE04EC0-301F-11D3-BF4B-00C04F79EFBC}") = "CustomerData", "CustomerData\CustomerData.csproj", "{C4EE82EE-09A2-4FB0-8D8B-9D6EEE89E4A2}"
EndProject
Global
	GlobalSection(SolutionConfigurationPlatforms) = preSolution
		Debug|Any CPU = Debug|Any CPU
		Release|Any CPU = Release|Any CPU
	EndGlobalSection
	GlobalSection(ProjectConfigurationPlatforms) = postSolution
		{31FB2C8C-BEBD-4ED8-A7BF-BC8D423FC5C5}.Debug|Any CPU.ActiveCfg = Debug|Any CPU
		{31FB2C8C-BEBD-4ED8-A7BF-BC8D423FC5C5}.Debug|Any CPU.Build.0 = Debug|Any CPU
		{31FB2C8C-BEBD-4ED8-A7BF-BC8D423FC5C5}.Release|Any CPU.ActiveCfg = Release|Any CPU
		{31FB2C8C-BEBD-4ED8-A7BF-BC8D423FC5C5}.Release|Any CPU.Build.0 = Release|Any CPU
		{C4EE82EE-09A2-4FB0-8D8B-9D6EEE89E4A2}.Debug|Any CPU.ActiveCfg = Debug|Any CPU
		{C4EE82EE-09A2-4FB0-8D8B-9D6EEE89E4A2}.Debug|Any CPU.Build.0 = Debug|Any CPU
		{C4EE82EE-09A2-4FB0-8D8B-9D6EEE89E4A2}.Release|Any CPU.ActiveCfg = Release|Any CPU
		{C4EE82EE-09A2-4FB0-8D8B-9D6EEE89E4A2}.Release|Any CPU.Build.0 = Release|Any CPU
	EndGlobalSection
	GlobalSection(SolutionProperties) = preSolution
		HideSolutionNode = FALSE
	EndGlobalSection
	GlobalSection(ExtensibilityGlobals) = postSolution
		SolutionGuid = {510026EC-949E-4F6C-910E-8A2151AC5220}
	EndGlobalSection
EndGlobal
